
Microsoft Visual Studio Solution File, Format Version 12.00
# Visual Studio Version 16
VisualStudioVersion = 16.0.31129.286
MinimumVisualStudioVersion = 10.0.40219.1
Project("{FAE04EC0-301F-11D3-BF4B-00C04F79EFBC}") = "LenguajeLINQ", "LenguajeLINQ\LenguajeLINQ.csproj", "{8CBB78C1-1DBC-4ADD-A263-51D029EA6D44}"
EndProject
Global
	GlobalSection(SolutionConfigurationPlatforms) = preSolution
		Debug|Any CPU = Debug|Any CPU
		Release|Any CPU = Release|Any CPU
	EndGlobalSection
	GlobalSection(ProjectConfigurationPlatforms) = postSolution
		{8CBB78C1-1DBC-4ADD-A263-51D029EA6D44}.Debug|Any CPU.ActiveCfg = Debug|Any CPU
		{8CBB78C1-1DBC-4ADD-A263-51D029EA6D44}.Debug|Any CPU.Build.0 = Debug|Any CPU
		{8CBB78C1-1DBC-4ADD-A263-51D029EA6D44}.Release|Any CPU.ActiveCfg = Release|Any CPU
		{8CBB78C1-1DBC-4ADD-A263-51D029EA6D44}.Release|Any CPU.Build.0 = Release|Any CPU
	EndGlobalSection
	GlobalSection(SolutionProperties) = preSolution
		HideSolutionNode = FALSE
	EndGlobalSection
	GlobalSection(ExtensibilityGlobals) = postSolution
		SolutionGuid = {06773BCE-7AC6-47B9-94AC-24B06BD88D53}
	EndGlobalSection
EndGlobal
